
Microsoft Visual Studio Solution File, Format Version 12.00
# Visual Studio 2013
VisualStudioVersion = 12.0.30501.0
MinimumVisualStudioVersion = 10.0.40219.1
Project("{E24C65DC-7377-472B-9ABA-BC803B73C61A}") = "TAMSULApps", "http://localhost/VirtualApps/BusOpsWebs/TAMSULApps", "{A001771B-E9B6-41CD-9C60-F4B465B980C8}"
	ProjectSection(WebsiteProperties) = preProject
		UseIISExpress = "false"
		TargetFrameworkMoniker = ".NETFramework,Version%3Dv4.0"
		Debug.AspNetCompiler.VirtualPath = "/TAMSULApps"
		Debug.AspNetCompiler.PhysicalPath = "..\..\..\..\..\..\Projects\TAMSGIT\MobileApps\DESR_V2_PROD\"
		Debug.AspNetCompiler.TargetPath = "PrecompiledWeb\TAMSULApps\"
		Debug.AspNetCompiler.Updateable = "true"
		Debug.AspNetCompiler.ForceOverwrite = "true"
		Debug.AspNetCompiler.FixedNames = "false"
		Debug.AspNetCompiler.Debug = "True"
		Release.AspNetCompiler.VirtualPath = "/TAMSULApps"
		Release.AspNetCompiler.PhysicalPath = "..\..\..\..\..\..\Projects\TAMSGIT\MobileApps\DESR_V2_PROD\"
		Release.AspNetCompiler.TargetPath = "PrecompiledWeb\TAMSULApps\"
		Release.AspNetCompiler.Updateable = "true"
		Release.AspNetCompiler.ForceOverwrite = "true"
		Release.AspNetCompiler.FixedNames = "false"
		Release.AspNetCompiler.Debug = "False"
		SlnRelativePath = "..\..\..\..\..\..\Projects\TAMSGIT\MobileApps\DESR_V2_PROD\"
	EndProjectSection
EndProject
Global
	GlobalSection(SolutionConfigurationPlatforms) = preSolution
		Debug|Any CPU = Debug|Any CPU
	EndGlobalSection
	GlobalSection(ProjectConfigurationPlatforms) = postSolution
		{A001771B-E9B6-41CD-9C60-F4B465B980C8}.Debug|Any CPU.ActiveCfg = Debug|Any CPU
		{A001771B-E9B6-41CD-9C60-F4B465B980C8}.Debug|Any CPU.Build.0 = Debug|Any CPU
	EndGlobalSection
	GlobalSection(SolutionProperties) = preSolution
		HideSolutionNode = FALSE
	EndGlobalSection
EndGlobal
